
Microsoft Visual Studio Solution File, Format Version 12.00
# Visual Studio Version 17
VisualStudioVersion = 17.4.33103.184
MinimumVisualStudioVersion = 10.0.40219.1
Project("{FAE04EC0-301F-11D3-BF4B-00C04F79EFBC}") = "Net7_Api_Demo", "Net7_Api_Demo.csproj", "{B96774DE-F00E-4FC4-8256-AE9D3BB3AF1E}"
EndProject
Global
	GlobalSection(SolutionConfigurationPlatforms) = preSolution
		Debug|Any CPU = Debug|Any CPU
		Release|Any CPU = Release|Any CPU
	EndGlobalSection
	GlobalSection(ProjectConfigurationPlatforms) = postSolution
		{B96774DE-F00E-4FC4-8256-AE9D3BB3AF1E}.Debug|Any CPU.ActiveCfg = Debug|Any CPU
		{B96774DE-F00E-4FC4-8256-AE9D3BB3AF1E}.Debug|Any CPU.Build.0 = Debug|Any CPU
		{B96774DE-F00E-4FC4-8256-AE9D3BB3AF1E}.Release|Any CPU.ActiveCfg = Release|Any CPU
		{B96774DE-F00E-4FC4-8256-AE9D3BB3AF1E}.Release|Any CPU.Build.0 = Release|Any CPU
	EndGlobalSection
	GlobalSection(SolutionProperties) = preSolution
		HideSolutionNode = FALSE
	EndGlobalSection
	GlobalSection(ExtensibilityGlobals) = postSolution
		SolutionGuid = {8E70FD58-38F8-4F3C-BFD8-058C6A2FB891}
	EndGlobalSection
EndGlobal
